{
  "nodes": {
    "consul-tunnels": {
      "flake": false,
      "locked": {
        "narHash": "sha256-iBEFvUU1UJepbfh79SqIh+Q6NYGexI47OlVpcHA18aI=",
        "type": "file",
        "url": "file:///home/maarten/.config/nixpkgs/consul-tunnels.nix"
      },
      "original": {
        "type": "file",
        "url": "file:///home/maarten/.config/nixpkgs/consul-tunnels.nix"
      }
    },
    "flake-utils": {
      "locked": {
        "lastModified": 1659877975,
        "narHash": "sha256-zllb8aq3YO3h8B/U0/J1WBgAL8EX5yWf5pMj3G0NAmc=",
        "owner": "numtide",
        "repo": "flake-utils",
        "rev": "c0e246b9b83f637f4681389ecabcb2681b4f3af0",
        "type": "github"
      },
      "original": {
        "owner": "numtide",
        "repo": "flake-utils",
        "type": "github"
      }
    },
    "home-manager": {
      "inputs": {
        "nixpkgs": [
          "nixpkgs"
        ],
        "utils": "utils"
      },
      "locked": {
        "lastModified": 1681457346,
        "narHash": "sha256-9cDHr8CRhcH7zdDpcHL5f/Cks7ecezlbGxqhHuhZTvs=",
        "owner": "nix-community",
        "repo": "home-manager",
        "rev": "8631c0441614587a10c9e10372f85561211a4bb8",
        "type": "github"
      },
      "original": {
        "owner": "nix-community",
        "repo": "home-manager",
        "type": "github"
      }
    },
    "nixGL": {
      "inputs": {
        "flake-utils": "flake-utils",
        "nixpkgs": [
          "nixpkgs"
        ]
      },
      "locked": {
        "lastModified": 1676383589,
        "narHash": "sha256-KCkWZXCjH+C4Kn7fUGSrEl5btk+sERHhZueSsvVbPWc=",
        "owner": "guibou",
        "repo": "nixGL",
        "rev": "c917918ab9ebeee27b0dd657263d3f57ba6bb8ad",
        "type": "github"
      },
      "original": {
        "owner": "guibou",
        "repo": "nixGL",
        "type": "github"
      }
    },
    "nixpkgs": {
      "locked": {
        "lastModified": 1681358109,
        "narHash": "sha256-eKyxW4OohHQx9Urxi7TQlFBTDWII+F+x2hklDOQPB50=",
        "owner": "nixos",
        "repo": "nixpkgs",
        "rev": "96ba1c52e54e74c3197f4d43026b3f3d92e83ff9",
        "type": "github"
      },
      "original": {
        "owner": "nixos",
        "ref": "nixpkgs-unstable",
        "repo": "nixpkgs",
        "type": "github"
      }
    },
    "root": {
      "inputs": {
        "consul-tunnels": "consul-tunnels",
        "home-manager": "home-manager",
        "nixGL": "nixGL",
        "nixpkgs": "nixpkgs",
        "untracked-martinator": "untracked-martinator",
        "untracked-opstop": "untracked-opstop",
        "untracked-t480": "untracked-t480"
      }
    },
    "untracked-martinator": {
      "flake": false,
      "locked": {
        "narHash": "sha256-Ao96NBauEpAPVcj2uAi446DOTr5pmQIqEAwo9boqA48=",
        "type": "file",
        "url": "file:///home/maarten/.config/nixpkgs/untracked-martinator.nix"
      },
      "original": {
        "type": "file",
        "url": "file:///home/maarten/.config/nixpkgs/untracked-martinator.nix"
      }
    },
    "untracked-opstop": {
      "flake": false,
      "locked": {
        "narHash": "sha256-mokPChBURCqnUvxtIt5IosDt6Qyy9Atk3mS3fYuTkSE=",
        "type": "file",
        "url": "file:///home/maarten/.config/nixpkgs/untracked-opstop.nix"
      },
      "original": {
        "type": "file",
        "url": "file:///home/maarten/.config/nixpkgs/untracked-opstop.nix"
      }
    },
    "untracked-t480": {
      "flake": false,
      "locked": {
        "narHash": "sha256-uGhveAvx2NISzitZvMarYGphCwSwIn0HgRxZWAPTdnU=",
        "type": "file",
        "url": "file:///home/maarten/.config/nixpkgs/untracked-t480.nix"
      },
      "original": {
        "type": "file",
        "url": "file:///home/maarten/.config/nixpkgs/untracked-t480.nix"
      }
    },
    "utils": {
      "locked": {
        "lastModified": 1678901627,
        "narHash": "sha256-U02riOqrKKzwjsxc/400XnElV+UtPUQWpANPlyazjH0=",
        "owner": "numtide",
        "repo": "flake-utils",
        "rev": "93a2b84fc4b70d9e089d029deacc3583435c2ed6",
        "type": "github"
      },
      "original": {
        "owner": "numtide",
        "repo": "flake-utils",
        "type": "github"
      }
    }
  },
  "root": "root",
  "version": 7
}
