{
  "nodes": {
    "consul-tunnels": {
      "flake": false,
      "locked": {
        "narHash": "sha256-iBEFvUU1UJepbfh79SqIh+Q6NYGexI47OlVpcHA18aI=",
        "type": "file",
        "url": "file:///home/maarten/.config/nixpkgs/consul-tunnels.nix"
      },
      "original": {
        "type": "file",
        "url": "file:///home/maarten/.config/nixpkgs/consul-tunnels.nix"
      }
    },
    "flake-utils": {
      "locked": {
        "lastModified": 1659877975,
        "narHash": "sha256-zllb8aq3YO3h8B/U0/J1WBgAL8EX5yWf5pMj3G0NAmc=",
        "owner": "numtide",
        "repo": "flake-utils",
        "rev": "c0e246b9b83f637f4681389ecabcb2681b4f3af0",
        "type": "github"
      },
      "original": {
        "owner": "numtide",
        "repo": "flake-utils",
        "type": "github"
      }
    },
    "home-manager": {
      "inputs": {
        "nixpkgs": [
          "nixpkgs"
        ]
      },
      "locked": {
        "lastModified": 1689495092,
        "narHash": "sha256-yZu2j5FpLZEPhJQQutMCPTxa1VMigLPabLYvLTq6ASM=",
        "owner": "nix-community",
        "repo": "home-manager",
        "rev": "2f84579a70b8c74e5ebb37299a0c3ba279f09382",
        "type": "github"
      },
      "original": {
        "owner": "nix-community",
        "repo": "home-manager",
        "type": "github"
      }
    },
    "nixGL": {
      "inputs": {
        "flake-utils": "flake-utils",
        "nixpkgs": [
          "nixpkgs"
        ]
      },
      "locked": {
        "lastModified": 1685908677,
        "narHash": "sha256-E4zUPEUFyVWjVm45zICaHRpfGepfkE9Z2OECV9HXfA4=",
        "owner": "guibou",
        "repo": "nixGL",
        "rev": "489d6b095ab9d289fe11af0219a9ff00fe87c7c5",
        "type": "github"
      },
      "original": {
        "owner": "guibou",
        "repo": "nixGL",
        "type": "github"
      }
    },
    "nixpkgs": {
      "locked": {
        "lastModified": 1689477032,
        "narHash": "sha256-tcVslINoIDszgc5cES0Y1k0Lq1HHPla9PSALU+Y8jkY=",
        "owner": "nixos",
        "repo": "nixpkgs",
        "rev": "66c990850b878437510cc6096e6babce86de5dcb",
        "type": "github"
      },
      "original": {
        "owner": "nixos",
        "ref": "nixpkgs-unstable",
        "repo": "nixpkgs",
        "type": "github"
      }
    },
    "root": {
      "inputs": {
        "consul-tunnels": "consul-tunnels",
        "home-manager": "home-manager",
        "nixGL": "nixGL",
        "nixpkgs": "nixpkgs",
        "untracked-martinator": "untracked-martinator",
        "untracked-opstop": "untracked-opstop",
        "untracked-t480": "untracked-t480"
      }
    },
    "untracked-martinator": {
      "flake": false,
      "locked": {
        "narHash": "sha256-Ao96NBauEpAPVcj2uAi446DOTr5pmQIqEAwo9boqA48=",
        "type": "file",
        "url": "file:///home/maarten/.config/nixpkgs/untracked-martinator.nix"
      },
      "original": {
        "type": "file",
        "url": "file:///home/maarten/.config/nixpkgs/untracked-martinator.nix"
      }
    },
    "untracked-opstop": {
      "flake": false,
      "locked": {
        "narHash": "sha256-THH1Us+lLc6PZxdh4kSz66UdhZa1j7wqC9S6OEcnMr4=",
        "type": "file",
        "url": "file:///home/maarten/.config/nixpkgs/untracked-opstop.nix"
      },
      "original": {
        "type": "file",
        "url": "file:///home/maarten/.config/nixpkgs/untracked-opstop.nix"
      }
    },
    "untracked-t480": {
      "flake": false,
      "locked": {
        "narHash": "sha256-uGhveAvx2NISzitZvMarYGphCwSwIn0HgRxZWAPTdnU=",
        "type": "file",
        "url": "file:///home/maarten/.config/nixpkgs/untracked-t480.nix"
      },
      "original": {
        "type": "file",
        "url": "file:///home/maarten/.config/nixpkgs/untracked-t480.nix"
      }
    }
  },
  "root": "root",
  "version": 7
}
