{
  "nodes": {
    "consul-tunnels": {
      "flake": false,
      "locked": {
        "narHash": "sha256-T4fbecUhqstP5FVgeOwZCATdtBYItcodE7kfP8f7AZc=",
        "type": "file",
        "url": "file:///home/maarten/.config/nixpkgs/consul-tunnels.nix"
      },
      "original": {
        "type": "file",
        "url": "file:///home/maarten/.config/nixpkgs/consul-tunnels.nix"
      }
    },
    "firenvim": {
      "flake": false,
      "locked": {
        "lastModified": 1714315333,
        "narHash": "sha256-fBV+lIquhuNDKu3JIZG39vhxTMyTdL+2+zmINQhJRDk=",
        "owner": "glacambre",
        "repo": "firenvim",
        "rev": "03ba12a5a92a02d171005775a8150998c4060a74",
        "type": "github"
      },
      "original": {
        "owner": "glacambre",
        "ref": "0.2.16",
        "repo": "firenvim",
        "type": "github"
      }
    },
    "flake-utils": {
      "inputs": {
        "systems": "systems"
      },
      "locked": {
        "lastModified": 1731533236,
        "narHash": "sha256-l0KFg5HjrsfsO/JpG+r7fRrqm12kzFHyUHqHCVpMMbI=",
        "owner": "numtide",
        "repo": "flake-utils",
        "rev": "11707dc2f618dd54ca8739b309ec4fc024de578b",
        "type": "github"
      },
      "original": {
        "owner": "numtide",
        "repo": "flake-utils",
        "type": "github"
      }
    },
    "home-manager": {
      "inputs": {
        "nixpkgs": [
          "nixpkgs"
        ]
      },
      "locked": {
        "lastModified": 1765860045,
        "narHash": "sha256-7Lxp/PfOy4h3QIDtmWG/EgycaswqRSkDX4DGtet14NE=",
        "owner": "nix-community",
        "repo": "home-manager",
        "rev": "09de9577d47d8bffb11c449b6a3d24e32ac16c99",
        "type": "github"
      },
      "original": {
        "owner": "nix-community",
        "repo": "home-manager",
        "type": "github"
      }
    },
    "nixGL": {
      "inputs": {
        "flake-utils": "flake-utils",
        "nixpkgs": [
          "nixpkgs"
        ]
      },
      "locked": {
        "lastModified": 1762090880,
        "narHash": "sha256-fbRQzIGPkjZa83MowjbD2ALaJf9y6KMDdJBQMKFeY/8=",
        "owner": "guibou",
        "repo": "nixGL",
        "rev": "b6105297e6f0cd041670c3e8628394d4ee247ed5",
        "type": "github"
      },
      "original": {
        "owner": "guibou",
        "repo": "nixGL",
        "type": "github"
      }
    },
    "nixpkgs": {
      "locked": {
        "lastModified": 1765903799,
        "narHash": "sha256-1wbl0y7U8TvSHxDWME7o92bIspfuhjVaTOs27r54uc4=",
        "owner": "nixos",
        "repo": "nixpkgs",
        "rev": "e8d16d2186d6ed9f047eb30948e97e7e01886d10",
        "type": "github"
      },
      "original": {
        "owner": "nixos",
        "ref": "nixpkgs-unstable",
        "repo": "nixpkgs",
        "type": "github"
      }
    },
    "root": {
      "inputs": {
        "consul-tunnels": "consul-tunnels",
        "firenvim": "firenvim",
        "home-manager": "home-manager",
        "nixGL": "nixGL",
        "nixpkgs": "nixpkgs",
        "untracked-martinator": "untracked-martinator",
        "untracked-opstop": "untracked-opstop",
        "untracked-t480": "untracked-t480"
      }
    },
    "systems": {
      "locked": {
        "lastModified": 1681028828,
        "narHash": "sha256-Vy1rq5AaRuLzOxct8nz4T6wlgyUR7zLU309k9mBC768=",
        "owner": "nix-systems",
        "repo": "default",
        "rev": "da67096a3b9bf56a91d16901293e51ba5b49a27e",
        "type": "github"
      },
      "original": {
        "owner": "nix-systems",
        "repo": "default",
        "type": "github"
      }
    },
    "untracked-martinator": {
      "flake": false,
      "locked": {
        "narHash": "sha256-Ao96NBauEpAPVcj2uAi446DOTr5pmQIqEAwo9boqA48=",
        "type": "file",
        "url": "file:///home/maarten/.config/nixpkgs/untracked-martinator.nix"
      },
      "original": {
        "type": "file",
        "url": "file:///home/maarten/.config/nixpkgs/untracked-martinator.nix"
      }
    },
    "untracked-opstop": {
      "flake": false,
      "locked": {
        "narHash": "sha256-TYbdzmYpP/lTCWEahulZXmzsV7f+vJqYssm8ar57mn0=",
        "type": "file",
        "url": "file:///home/maarten/.config/nixpkgs/untracked-opstop.nix"
      },
      "original": {
        "type": "file",
        "url": "file:///home/maarten/.config/nixpkgs/untracked-opstop.nix"
      }
    },
    "untracked-t480": {
      "flake": false,
      "locked": {
        "narHash": "sha256-uGhveAvx2NISzitZvMarYGphCwSwIn0HgRxZWAPTdnU=",
        "type": "file",
        "url": "file:///home/maarten/.config/nixpkgs/untracked-t480.nix"
      },
      "original": {
        "type": "file",
        "url": "file:///home/maarten/.config/nixpkgs/untracked-t480.nix"
      }
    }
  },
  "root": "root",
  "version": 7
}
